{
  "version": 4,
  "terraform_version": "1.10.4",
  "serial": 64,
  "lineage": "8998ad9e-3fa2-5e6a-23ac-f1399e55eed1",
  "outputs": {
    "ingress_hosts": {
      "value": {
        "estrela-do-rock": "estrela-do-rock.example.com",
        "meta": "meta.example.com",
        "netflix": "netflix.example.com"
      },
      "type": [
        "object",
        {
          "estrela-do-rock": "string",
          "meta": "string",
          "netflix": "string"
        }
      ]
    },
    "namespaces": {
      "value": {
        "estrela-do-rock": "estrela-do-rock",
        "meta": "meta",
        "netflix": "netflix"
      },
      "type": [
        "object",
        {
          "estrela-do-rock": "string",
          "meta": "string",
          "netflix": "string"
        }
      ]
    },
    "odoo_services": {
      "value": {
        "estrela-do-rock": "10.107.161.227",
        "meta": "10.99.1.198",
        "netflix": "10.96.1.131"
      },
      "type": [
        "object",
        {
          "estrela-do-rock": "string",
          "meta": "string",
          "netflix": "string"
        }
      ]
    },
    "postgres_services": {
      "value": {
        "estrela-do-rock": "10.110.60.84",
        "meta": "10.100.135.140",
        "netflix": "10.103.150.145"
      },
      "type": [
        "object",
        {
          "estrela-do-rock": "string",
          "meta": "string",
          "netflix": "string"
        }
      ]
    },
    "tls_secrets": {
      "value": {
        "estrela-do-rock": "odoo-tls-estrela-do-rock",
        "meta": "odoo-tls-meta",
        "netflix": "odoo-tls-netflix"
      },
      "type": [
        "object",
        {
          "estrela-do-rock": "string",
          "meta": "string",
          "netflix": "string"
        }
      ]
    }
  },
  "resources": [
    {
      "mode": "managed",
      "type": "kubernetes_deployment",
      "name": "odoo",
      "provider": "provider[\"registry.terraform.io/hashicorp/kubernetes\"]",
      "instances": [
        {
          "index_key": "estrela-do-rock",
          "schema_version": 1,
          "attributes": {
            "id": "estrela-do-rock/odoo-estrela-do-rock",
            "metadata": [
              {
                "annotations": {},
                "generate_name": "",
                "generation": 1,
                "labels": {},
                "name": "odoo-estrela-do-rock",
                "namespace": "estrela-do-rock",
                "resource_version": "11517",
                "uid": "7d9b1614-c4a1-4ac3-bcbc-63db6531254d"
              }
            ],
            "spec": [
              {
                "min_ready_seconds": 0,
                "paused": false,
                "progress_deadline_seconds": 600,
                "replicas": "1",
                "revision_history_limit": 10,
                "selector": [
                  {
                    "match_expressions": [],
                    "match_labels": {
                      "app": "odoo-estrela-do-rock"
                    }
                  }
                ],
                "strategy": [
                  {
                    "rolling_update": [
                      {
                        "max_surge": "25%",
                        "max_unavailable": "25%"
                      }
                    ],
                    "type": "RollingUpdate"
                  }
                ],
                "template": [
                  {
                    "metadata": [
                      {
                        "annotations": {},
                        "generate_name": "",
                        "generation": 0,
                        "labels": {
                          "app": "odoo-estrela-do-rock"
                        },
                        "name": "",
                        "namespace": "",
                        "resource_version": "",
                        "uid": ""
                      }
                    ],
                    "spec": [
                      {
                        "active_deadline_seconds": 0,
                        "affinity": [],
                        "automount_service_account_token": true,
                        "container": [
                          {
                            "args": [],
                            "command": [],
                            "env": [
                              {
                                "name": "ODOO_DATABASE_HOST",
                                "value": "postgres-estrela-do-rock",
                                "value_from": []
                              },
                              {
                                "name": "ODOO_ADMIN_PASSWORD",
                                "value": "admin",
                                "value_from": []
                              }
                            ],
                            "env_from": [],
                            "image": "odoo:14.0",
                            "image_pull_policy": "IfNotPresent",
                            "lifecycle": [],
                            "liveness_probe": [],
                            "name": "odoo",
                            "port": [
                              {
                                "container_port": 8069,
                                "host_ip": "",
                                "host_port": 0,
                                "name": "",
                                "protocol": "TCP"
                              }
                            ],
                            "readiness_probe": [],
                            "resources": [
                              {
                                "limits": {},
                                "requests": {}
                              }
                            ],
                            "security_context": [],
                            "startup_probe": [],
                            "stdin": false,
                            "stdin_once": false,
                            "termination_message_path": "/dev/termination-log",
                            "termination_message_policy": "File",
                            "tty": false,
                            "volume_mount": [],
                            "working_dir": ""
                          }
                        ],
                        "dns_config": [],
                        "dns_policy": "ClusterFirst",
                        "enable_service_links": true,
                        "host_aliases": [],
                        "host_ipc": false,
                        "host_network": false,
                        "host_pid": false,
                        "hostname": "",
                        "image_pull_secrets": [],
                        "init_container": [],
                        "node_name": "",
                        "node_selector": {},
                        "priority_class_name": "",
                        "readiness_gate": [],
                        "restart_policy": "Always",
                        "runtime_class_name": "",
                        "scheduler_name": "default-scheduler",
                        "security_context": [],
                        "service_account_name": "",
                        "share_process_namespace": false,
                        "subdomain": "",
                        "termination_grace_period_seconds": 30,
                        "toleration": [],
                        "topology_spread_constraint": [],
                        "volume": []
                      }
                    ]
                  }
                ]
              }
            ],
            "timeouts": null,
            "wait_for_rollout": true
          },
          "sensitive_attributes": [],
          "private": "eyJlMmJmYjczMC1lY2FhLTExZTYtOGY4OC0zNDM2M2JjN2M0YzAiOnsiY3JlYXRlIjo2MDAwMDAwMDAwMDAsImRlbGV0ZSI6NjAwMDAwMDAwMDAwLCJ1cGRhdGUiOjYwMDAwMDAwMDAwMH0sInNjaGVtYV92ZXJzaW9uIjoiMSJ9",
          "dependencies": [
            "kubernetes_namespace.client_namespace"
          ]
        },
        {
          "index_key": "meta",
          "schema_version": 1,
          "attributes": {
            "id": "meta/odoo-meta",
            "metadata": [
              {
                "annotations": {},
                "generate_name": "",
                "generation": 1,
                "labels": {},
                "name": "odoo-meta",
                "namespace": "meta",
                "resource_version": "11543",
                "uid": "995383a0-21c9-4db2-b805-cee27411cba4"
              }
            ],
            "spec": [
              {
                "min_ready_seconds": 0,
                "paused": false,
                "progress_deadline_seconds": 600,
                "replicas": "1",
                "revision_history_limit": 10,
                "selector": [
                  {
                    "match_expressions": [],
                    "match_labels": {
                      "app": "odoo-meta"
                    }
                  }
                ],
                "strategy": [
                  {
                    "rolling_update": [
                      {
                        "max_surge": "25%",
                        "max_unavailable": "25%"
                      }
                    ],
                    "type": "RollingUpdate"
                  }
                ],
                "template": [
                  {
                    "metadata": [
                      {
                        "annotations": {},
                        "generate_name": "",
                        "generation": 0,
                        "labels": {
                          "app": "odoo-meta"
                        },
                        "name": "",
                        "namespace": "",
                        "resource_version": "",
                        "uid": ""
                      }
                    ],
                    "spec": [
                      {
                        "active_deadline_seconds": 0,
                        "affinity": [],
                        "automount_service_account_token": true,
                        "container": [
                          {
                            "args": [],
                            "command": [],
                            "env": [
                              {
                                "name": "ODOO_DATABASE_HOST",
                                "value": "postgres-meta",
                                "value_from": []
                              },
                              {
                                "name": "ODOO_ADMIN_PASSWORD",
                                "value": "admin",
                                "value_from": []
                              }
                            ],
                            "env_from": [],
                            "image": "odoo:14.0",
                            "image_pull_policy": "IfNotPresent",
                            "lifecycle": [],
                            "liveness_probe": [],
                            "name": "odoo",
                            "port": [
                              {
                                "container_port": 8069,
                                "host_ip": "",
                                "host_port": 0,
                                "name": "",
                                "protocol": "TCP"
                              }
                            ],
                            "readiness_probe": [],
                            "resources": [
                              {
                                "limits": {},
                                "requests": {}
                              }
                            ],
                            "security_context": [],
                            "startup_probe": [],
                            "stdin": false,
                            "stdin_once": false,
                            "termination_message_path": "/dev/termination-log",
                            "termination_message_policy": "File",
                            "tty": false,
                            "volume_mount": [],
                            "working_dir": ""
                          }
                        ],
                        "dns_config": [],
                        "dns_policy": "ClusterFirst",
                        "enable_service_links": true,
                        "host_aliases": [],
                        "host_ipc": false,
                        "host_network": false,
                        "host_pid": false,
                        "hostname": "",
                        "image_pull_secrets": [],
                        "init_container": [],
                        "node_name": "",
                        "node_selector": {},
                        "priority_class_name": "",
                        "readiness_gate": [],
                        "restart_policy": "Always",
                        "runtime_class_name": "",
                        "scheduler_name": "default-scheduler",
                        "security_context": [],
                        "service_account_name": "",
                        "share_process_namespace": false,
                        "subdomain": "",
                        "termination_grace_period_seconds": 30,
                        "toleration": [],
                        "topology_spread_constraint": [],
                        "volume": []
                      }
                    ]
                  }
                ]
              }
            ],
            "timeouts": null,
            "wait_for_rollout": true
          },
          "sensitive_attributes": [],
          "private": "eyJlMmJmYjczMC1lY2FhLTExZTYtOGY4OC0zNDM2M2JjN2M0YzAiOnsiY3JlYXRlIjo2MDAwMDAwMDAwMDAsImRlbGV0ZSI6NjAwMDAwMDAwMDAwLCJ1cGRhdGUiOjYwMDAwMDAwMDAwMH0sInNjaGVtYV92ZXJzaW9uIjoiMSJ9",
          "dependencies": [
            "kubernetes_namespace.client_namespace"
          ]
        },
        {
          "index_key": "netflix",
          "schema_version": 1,
          "attributes": {
            "id": "netflix/odoo-netflix",
            "metadata": [
              {
                "annotations": {},
                "generate_name": "",
                "generation": 1,
                "labels": {},
                "name": "odoo-netflix",
                "namespace": "netflix",
                "resource_version": "11532",
                "uid": "5371e63e-86e6-42bb-adea-4019ceb71080"
              }
            ],
            "spec": [
              {
                "min_ready_seconds": 0,
                "paused": false,
                "progress_deadline_seconds": 600,
                "replicas": "1",
                "revision_history_limit": 10,
                "selector": [
                  {
                    "match_expressions": [],
                    "match_labels": {
                      "app": "odoo-netflix"
                    }
                  }
                ],
                "strategy": [
                  {
                    "rolling_update": [
                      {
                        "max_surge": "25%",
                        "max_unavailable": "25%"
                      }
                    ],
                    "type": "RollingUpdate"
                  }
                ],
                "template": [
                  {
                    "metadata": [
                      {
                        "annotations": {},
                        "generate_name": "",
                        "generation": 0,
                        "labels": {
                          "app": "odoo-netflix"
                        },
                        "name": "",
                        "namespace": "",
                        "resource_version": "",
                        "uid": ""
                      }
                    ],
                    "spec": [
                      {
                        "active_deadline_seconds": 0,
                        "affinity": [],
                        "automount_service_account_token": true,
                        "container": [
                          {
                            "args": [],
                            "command": [],
                            "env": [
                              {
                                "name": "ODOO_DATABASE_HOST",
                                "value": "postgres-netflix",
                                "value_from": []
                              },
                              {
                                "name": "ODOO_ADMIN_PASSWORD",
                                "value": "admin",
                                "value_from": []
                              }
                            ],
                            "env_from": [],
                            "image": "odoo:14.0",
                            "image_pull_policy": "IfNotPresent",
                            "lifecycle": [],
                            "liveness_probe": [],
                            "name": "odoo",
                            "port": [
                              {
                                "container_port": 8069,
                                "host_ip": "",
                                "host_port": 0,
                                "name": "",
                                "protocol": "TCP"
                              }
                            ],
                            "readiness_probe": [],
                            "resources": [
                              {
                                "limits": {},
                                "requests": {}
                              }
                            ],
                            "security_context": [],
                            "startup_probe": [],
                            "stdin": false,
                            "stdin_once": false,
                            "termination_message_path": "/dev/termination-log",
                            "termination_message_policy": "File",
                            "tty": false,
                            "volume_mount": [],
                            "working_dir": ""
                          }
                        ],
                        "dns_config": [],
                        "dns_policy": "ClusterFirst",
                        "enable_service_links": true,
                        "host_aliases": [],
                        "host_ipc": false,
                        "host_network": false,
                        "host_pid": false,
                        "hostname": "",
                        "image_pull_secrets": [],
                        "init_container": [],
                        "node_name": "",
                        "node_selector": {},
                        "priority_class_name": "",
                        "readiness_gate": [],
                        "restart_policy": "Always",
                        "runtime_class_name": "",
                        "scheduler_name": "default-scheduler",
                        "security_context": [],
                        "service_account_name": "",
                        "share_process_namespace": false,
                        "subdomain": "",
                        "termination_grace_period_seconds": 30,
                        "toleration": [],
                        "topology_spread_constraint": [],
                        "volume": []
                      }
                    ]
                  }
                ]
              }
            ],
            "timeouts": null,
            "wait_for_rollout": true
          },
          "sensitive_attributes": [],
          "private": "eyJlMmJmYjczMC1lY2FhLTExZTYtOGY4OC0zNDM2M2JjN2M0YzAiOnsiY3JlYXRlIjo2MDAwMDAwMDAwMDAsImRlbGV0ZSI6NjAwMDAwMDAwMDAwLCJ1cGRhdGUiOjYwMDAwMDAwMDAwMH0sInNjaGVtYV92ZXJzaW9uIjoiMSJ9",
          "dependencies": [
            "kubernetes_namespace.client_namespace"
          ]
        }
      ]
    },
    {
      "mode": "managed",
      "type": "kubernetes_deployment",
      "name": "postgres",
      "provider": "provider[\"registry.terraform.io/hashicorp/kubernetes\"]",
      "instances": [
        {
          "index_key": "estrela-do-rock",
          "schema_version": 1,
          "attributes": {
            "id": "estrela-do-rock/postgres-estrela-do-rock",
            "metadata": [
              {
                "annotations": {},
                "generate_name": "",
                "generation": 1,
                "labels": {},
                "name": "postgres-estrela-do-rock",
                "namespace": "estrela-do-rock",
                "resource_version": "8093",
                "uid": "ca2edc8a-2c60-4161-9dbe-6cb677d81893"
              }
            ],
            "spec": [
              {
                "min_ready_seconds": 0,
                "paused": false,
                "progress_deadline_seconds": 600,
                "replicas": "1",
                "revision_history_limit": 10,
                "selector": [
                  {
                    "match_expressions": [],
                    "match_labels": {
                      "app": "postgres-estrela-do-rock"
                    }
                  }
                ],
                "strategy": [
                  {
                    "rolling_update": [
                      {
                        "max_surge": "25%",
                        "max_unavailable": "25%"
                      }
                    ],
                    "type": "RollingUpdate"
                  }
                ],
                "template": [
                  {
                    "metadata": [
                      {
                        "annotations": {},
                        "generate_name": "",
                        "generation": 0,
                        "labels": {
                          "app": "postgres-estrela-do-rock"
                        },
                        "name": "",
                        "namespace": "",
                        "resource_version": "",
                        "uid": ""
                      }
                    ],
                    "spec": [
                      {
                        "active_deadline_seconds": 0,
                        "affinity": [],
                        "automount_service_account_token": true,
                        "container": [
                          {
                            "args": [],
                            "command": [],
                            "env": [
                              {
                                "name": "POSTGRES_DB",
                                "value": "odoo",
                                "value_from": []
                              },
                              {
                                "name": "POSTGRES_USER",
                                "value": "odoo",
                                "value_from": []
                              },
                              {
                                "name": "POSTGRES_PASSWORD",
                                "value": "odoo",
                                "value_from": []
                              }
                            ],
                            "env_from": [],
                            "image": "postgres:13",
                            "image_pull_policy": "IfNotPresent",
                            "lifecycle": [],
                            "liveness_probe": [],
                            "name": "postgres",
                            "port": [
                              {
                                "container_port": 5432,
                                "host_ip": "",
                                "host_port": 0,
                                "name": "",
                                "protocol": "TCP"
                              }
                            ],
                            "readiness_probe": [],
                            "resources": [
                              {
                                "limits": {},
                                "requests": {}
                              }
                            ],
                            "security_context": [],
                            "startup_probe": [],
                            "stdin": false,
                            "stdin_once": false,
                            "termination_message_path": "/dev/termination-log",
                            "termination_message_policy": "File",
                            "tty": false,
                            "volume_mount": [],
                            "working_dir": ""
                          }
                        ],
                        "dns_config": [],
                        "dns_policy": "ClusterFirst",
                        "enable_service_links": true,
                        "host_aliases": [],
                        "host_ipc": false,
                        "host_network": false,
                        "host_pid": false,
                        "hostname": "",
                        "image_pull_secrets": [],
                        "init_container": [],
                        "node_name": "",
                        "node_selector": {},
                        "priority_class_name": "",
                        "readiness_gate": [],
                        "restart_policy": "Always",
                        "runtime_class_name": "",
                        "scheduler_name": "default-scheduler",
                        "security_context": [],
                        "service_account_name": "",
                        "share_process_namespace": false,
                        "subdomain": "",
                        "termination_grace_period_seconds": 30,
                        "toleration": [],
                        "topology_spread_constraint": [],
                        "volume": []
                      }
                    ]
                  }
                ]
              }
            ],
            "timeouts": null,
            "wait_for_rollout": true
          },
          "sensitive_attributes": [],
          "private": "eyJlMmJmYjczMC1lY2FhLTExZTYtOGY4OC0zNDM2M2JjN2M0YzAiOnsiY3JlYXRlIjo2MDAwMDAwMDAwMDAsImRlbGV0ZSI6NjAwMDAwMDAwMDAwLCJ1cGRhdGUiOjYwMDAwMDAwMDAwMH0sInNjaGVtYV92ZXJzaW9uIjoiMSJ9",
          "dependencies": [
            "kubernetes_namespace.client_namespace"
          ]
        },
        {
          "index_key": "meta",
          "schema_version": 1,
          "attributes": {
            "id": "meta/postgres-meta",
            "metadata": [
              {
                "annotations": {},
                "generate_name": "",
                "generation": 1,
                "labels": {},
                "name": "postgres-meta",
                "namespace": "meta",
                "resource_version": "8101",
                "uid": "c1d8a287-f44a-4f24-841f-2d361bf1ce50"
              }
            ],
            "spec": [
              {
                "min_ready_seconds": 0,
                "paused": false,
                "progress_deadline_seconds": 600,
                "replicas": "1",
                "revision_history_limit": 10,
                "selector": [
                  {
                    "match_expressions": [],
                    "match_labels": {
                      "app": "postgres-meta"
                    }
                  }
                ],
                "strategy": [
                  {
                    "rolling_update": [
                      {
                        "max_surge": "25%",
                        "max_unavailable": "25%"
                      }
                    ],
                    "type": "RollingUpdate"
                  }
                ],
                "template": [
                  {
                    "metadata": [
                      {
                        "annotations": {},
                        "generate_name": "",
                        "generation": 0,
                        "labels": {
                          "app": "postgres-meta"
                        },
                        "name": "",
                        "namespace": "",
                        "resource_version": "",
                        "uid": ""
                      }
                    ],
                    "spec": [
                      {
                        "active_deadline_seconds": 0,
                        "affinity": [],
                        "automount_service_account_token": true,
                        "container": [
                          {
                            "args": [],
                            "command": [],
                            "env": [
                              {
                                "name": "POSTGRES_DB",
                                "value": "odoo",
                                "value_from": []
                              },
                              {
                                "name": "POSTGRES_USER",
                                "value": "odoo",
                                "value_from": []
                              },
                              {
                                "name": "POSTGRES_PASSWORD",
                                "value": "odoo",
                                "value_from": []
                              }
                            ],
                            "env_from": [],
                            "image": "postgres:13",
                            "image_pull_policy": "IfNotPresent",
                            "lifecycle": [],
                            "liveness_probe": [],
                            "name": "postgres",
                            "port": [
                              {
                                "container_port": 5432,
                                "host_ip": "",
                                "host_port": 0,
                                "name": "",
                                "protocol": "TCP"
                              }
                            ],
                            "readiness_probe": [],
                            "resources": [
                              {
                                "limits": {},
                                "requests": {}
                              }
                            ],
                            "security_context": [],
                            "startup_probe": [],
                            "stdin": false,
                            "stdin_once": false,
                            "termination_message_path": "/dev/termination-log",
                            "termination_message_policy": "File",
                            "tty": false,
                            "volume_mount": [],
                            "working_dir": ""
                          }
                        ],
                        "dns_config": [],
                        "dns_policy": "ClusterFirst",
                        "enable_service_links": true,
                        "host_aliases": [],
                        "host_ipc": false,
                        "host_network": false,
                        "host_pid": false,
                        "hostname": "",
                        "image_pull_secrets": [],
                        "init_container": [],
                        "node_name": "",
                        "node_selector": {},
                        "priority_class_name": "",
                        "readiness_gate": [],
                        "restart_policy": "Always",
                        "runtime_class_name": "",
                        "scheduler_name": "default-scheduler",
                        "security_context": [],
                        "service_account_name": "",
                        "share_process_namespace": false,
                        "subdomain": "",
                        "termination_grace_period_seconds": 30,
                        "toleration": [],
                        "topology_spread_constraint": [],
                        "volume": []
                      }
                    ]
                  }
                ]
              }
            ],
            "timeouts": null,
            "wait_for_rollout": true
          },
          "sensitive_attributes": [],
          "private": "eyJlMmJmYjczMC1lY2FhLTExZTYtOGY4OC0zNDM2M2JjN2M0YzAiOnsiY3JlYXRlIjo2MDAwMDAwMDAwMDAsImRlbGV0ZSI6NjAwMDAwMDAwMDAwLCJ1cGRhdGUiOjYwMDAwMDAwMDAwMH0sInNjaGVtYV92ZXJzaW9uIjoiMSJ9",
          "dependencies": [
            "kubernetes_namespace.client_namespace"
          ]
        },
        {
          "index_key": "netflix",
          "schema_version": 1,
          "attributes": {
            "id": "netflix/postgres-netflix",
            "metadata": [
              {
                "annotations": {},
                "generate_name": "",
                "generation": 1,
                "labels": {},
                "name": "postgres-netflix",
                "namespace": "netflix",
                "resource_version": "8086",
                "uid": "d6abaff0-11a4-4d14-b163-2f6609eadc33"
              }
            ],
            "spec": [
              {
                "min_ready_seconds": 0,
                "paused": false,
                "progress_deadline_seconds": 600,
                "replicas": "1",
                "revision_history_limit": 10,
                "selector": [
                  {
                    "match_expressions": [],
                    "match_labels": {
                      "app": "postgres-netflix"
                    }
                  }
                ],
                "strategy": [
                  {
                    "rolling_update": [
                      {
                        "max_surge": "25%",
                        "max_unavailable": "25%"
                      }
                    ],
                    "type": "RollingUpdate"
                  }
                ],
                "template": [
                  {
                    "metadata": [
                      {
                        "annotations": {},
                        "generate_name": "",
                        "generation": 0,
                        "labels": {
                          "app": "postgres-netflix"
                        },
                        "name": "",
                        "namespace": "",
                        "resource_version": "",
                        "uid": ""
                      }
                    ],
                    "spec": [
                      {
                        "active_deadline_seconds": 0,
                        "affinity": [],
                        "automount_service_account_token": true,
                        "container": [
                          {
                            "args": [],
                            "command": [],
                            "env": [
                              {
                                "name": "POSTGRES_DB",
                                "value": "odoo",
                                "value_from": []
                              },
                              {
                                "name": "POSTGRES_USER",
                                "value": "odoo",
                                "value_from": []
                              },
                              {
                                "name": "POSTGRES_PASSWORD",
                                "value": "odoo",
                                "value_from": []
                              }
                            ],
                            "env_from": [],
                            "image": "postgres:13",
                            "image_pull_policy": "IfNotPresent",
                            "lifecycle": [],
                            "liveness_probe": [],
                            "name": "postgres",
                            "port": [
                              {
                                "container_port": 5432,
                                "host_ip": "",
                                "host_port": 0,
                                "name": "",
                                "protocol": "TCP"
                              }
                            ],
                            "readiness_probe": [],
                            "resources": [
                              {
                                "limits": {},
                                "requests": {}
                              }
                            ],
                            "security_context": [],
                            "startup_probe": [],
                            "stdin": false,
                            "stdin_once": false,
                            "termination_message_path": "/dev/termination-log",
                            "termination_message_policy": "File",
                            "tty": false,
                            "volume_mount": [],
                            "working_dir": ""
                          }
                        ],
                        "dns_config": [],
                        "dns_policy": "ClusterFirst",
                        "enable_service_links": true,
                        "host_aliases": [],
                        "host_ipc": false,
                        "host_network": false,
                        "host_pid": false,
                        "hostname": "",
                        "image_pull_secrets": [],
                        "init_container": [],
                        "node_name": "",
                        "node_selector": {},
                        "priority_class_name": "",
                        "readiness_gate": [],
                        "restart_policy": "Always",
                        "runtime_class_name": "",
                        "scheduler_name": "default-scheduler",
                        "security_context": [],
                        "service_account_name": "",
                        "share_process_namespace": false,
                        "subdomain": "",
                        "termination_grace_period_seconds": 30,
                        "toleration": [],
                        "topology_spread_constraint": [],
                        "volume": []
                      }
                    ]
                  }
                ]
              }
            ],
            "timeouts": null,
            "wait_for_rollout": true
          },
          "sensitive_attributes": [],
          "private": "eyJlMmJmYjczMC1lY2FhLTExZTYtOGY4OC0zNDM2M2JjN2M0YzAiOnsiY3JlYXRlIjo2MDAwMDAwMDAwMDAsImRlbGV0ZSI6NjAwMDAwMDAwMDAwLCJ1cGRhdGUiOjYwMDAwMDAwMDAwMH0sInNjaGVtYV92ZXJzaW9uIjoiMSJ9",
          "dependencies": [
            "kubernetes_namespace.client_namespace"
          ]
        }
      ]
    },
    {
      "mode": "managed",
      "type": "kubernetes_ingress_v1",
      "name": "odoo_ingress",
      "provider": "provider[\"registry.terraform.io/hashicorp/kubernetes\"]",
      "instances": [
        {
          "index_key": "estrela-do-rock",
          "schema_version": 0,
          "attributes": {
            "id": "estrela-do-rock/odoo-ingress-estrela-do-rock",
            "metadata": [
              {
                "annotations": {
                  "nginx.ingress.kubernetes.io/ssl-redirect": "true"
                },
                "generate_name": "",
                "generation": 1,
                "labels": {},
                "name": "odoo-ingress-estrela-do-rock",
                "namespace": "estrela-do-rock",
                "resource_version": "8117",
                "uid": "b7b93e3c-4d67-467a-8a1e-8de05f7fc070"
              }
            ],
            "spec": [
              {
                "default_backend": [],
                "ingress_class_name": "nginx",
                "rule": [
                  {
                    "host": "estrela-do-rock.example.com",
                    "http": [
                      {
                        "path": [
                          {
                            "backend": [
                              {
                                "resource": [],
                                "service": [
                                  {
                                    "name": "odoo-estrela-do-rock",
                                    "port": [
                                      {
                                        "name": "",
                                        "number": 8069
                                      }
                                    ]
                                  }
                                ]
                              }
                            ],
                            "path": "/",
                            "path_type": "ImplementationSpecific"
                          }
                        ]
                      }
                    ]
                  }
                ],
                "tls": [
                  {
                    "hosts": [
                      "estrela-do-rock.example.com"
                    ],
                    "secret_name": "odoo-tls-estrela-do-rock"
                  }
                ]
              }
            ],
            "status": [
              {
                "load_balancer": [
                  {
                    "ingress": [
                      {
                        "hostname": "",
                        "ip": "192.168.49.2"
                      }
                    ]
                  }
                ]
              }
            ],
            "timeouts": null,
            "wait_for_load_balancer": null
          },
          "sensitive_attributes": [],
          "private": "eyJlMmJmYjczMC1lY2FhLTExZTYtOGY4OC0zNDM2M2JjN2M0YzAiOnsiY3JlYXRlIjoxMjAwMDAwMDAwMDAwLCJkZWxldGUiOjEyMDAwMDAwMDAwMDB9fQ==",
          "dependencies": [
            "kubernetes_namespace.client_namespace"
          ]
        },
        {
          "index_key": "meta",
          "schema_version": 0,
          "attributes": {
            "id": "meta/odoo-ingress-meta",
            "metadata": [
              {
                "annotations": {
                  "nginx.ingress.kubernetes.io/ssl-redirect": "true"
                },
                "generate_name": "",
                "generation": 1,
                "labels": {},
                "name": "odoo-ingress-meta",
                "namespace": "meta",
                "resource_version": "8118",
                "uid": "fb02057d-e63b-4fa6-9a98-ea5b83db6fa1"
              }
            ],
            "spec": [
              {
                "default_backend": [],
                "ingress_class_name": "nginx",
                "rule": [
                  {
                    "host": "meta.example.com",
                    "http": [
                      {
                        "path": [
                          {
                            "backend": [
                              {
                                "resource": [],
                                "service": [
                                  {
                                    "name": "odoo-meta",
                                    "port": [
                                      {
                                        "name": "",
                                        "number": 8069
                                      }
                                    ]
                                  }
                                ]
                              }
                            ],
                            "path": "/",
                            "path_type": "ImplementationSpecific"
                          }
                        ]
                      }
                    ]
                  }
                ],
                "tls": [
                  {
                    "hosts": [
                      "meta.example.com"
                    ],
                    "secret_name": "odoo-tls-meta"
                  }
                ]
              }
            ],
            "status": [
              {
                "load_balancer": [
                  {
                    "ingress": [
                      {
                        "hostname": "",
                        "ip": "192.168.49.2"
                      }
                    ]
                  }
                ]
              }
            ],
            "timeouts": null,
            "wait_for_load_balancer": null
          },
          "sensitive_attributes": [],
          "private": "eyJlMmJmYjczMC1lY2FhLTExZTYtOGY4OC0zNDM2M2JjN2M0YzAiOnsiY3JlYXRlIjoxMjAwMDAwMDAwMDAwLCJkZWxldGUiOjEyMDAwMDAwMDAwMDB9fQ==",
          "dependencies": [
            "kubernetes_namespace.client_namespace"
          ]
        },
        {
          "index_key": "netflix",
          "schema_version": 0,
          "attributes": {
            "id": "netflix/odoo-ingress-netflix",
            "metadata": [
              {
                "annotations": {
                  "nginx.ingress.kubernetes.io/ssl-redirect": "true"
                },
                "generate_name": "",
                "generation": 1,
                "labels": {},
                "name": "odoo-ingress-netflix",
                "namespace": "netflix",
                "resource_version": "8119",
                "uid": "90bf8e50-b9ef-48b1-a890-12caafdb0c52"
              }
            ],
            "spec": [
              {
                "default_backend": [],
                "ingress_class_name": "nginx",
                "rule": [
                  {
                    "host": "netflix.example.com",
                    "http": [
                      {
                        "path": [
                          {
                            "backend": [
                              {
                                "resource": [],
                                "service": [
                                  {
                                    "name": "odoo-netflix",
                                    "port": [
                                      {
                                        "name": "",
                                        "number": 8069
                                      }
                                    ]
                                  }
                                ]
                              }
                            ],
                            "path": "/",
                            "path_type": "ImplementationSpecific"
                          }
                        ]
                      }
                    ]
                  }
                ],
                "tls": [
                  {
                    "hosts": [
                      "netflix.example.com"
                    ],
                    "secret_name": "odoo-tls-netflix"
                  }
                ]
              }
            ],
            "status": [
              {
                "load_balancer": [
                  {
                    "ingress": [
                      {
                        "hostname": "",
                        "ip": "192.168.49.2"
                      }
                    ]
                  }
                ]
              }
            ],
            "timeouts": null,
            "wait_for_load_balancer": null
          },
          "sensitive_attributes": [],
          "private": "eyJlMmJmYjczMC1lY2FhLTExZTYtOGY4OC0zNDM2M2JjN2M0YzAiOnsiY3JlYXRlIjoxMjAwMDAwMDAwMDAwLCJkZWxldGUiOjEyMDAwMDAwMDAwMDB9fQ==",
          "dependencies": [
            "kubernetes_namespace.client_namespace"
          ]
        }
      ]
    },
    {
      "mode": "managed",
      "type": "kubernetes_namespace",
      "name": "client_namespace",
      "provider": "provider[\"registry.terraform.io/hashicorp/kubernetes\"]",
      "instances": [
        {
          "index_key": "estrela-do-rock",
          "schema_version": 0,
          "attributes": {
            "id": "estrela-do-rock",
            "metadata": [
              {
                "annotations": {},
                "generate_name": "",
                "generation": 0,
                "labels": {},
                "name": "estrela-do-rock",
                "resource_version": "2705",
                "uid": "740c04fd-9f67-4c2e-8043-845d4720f5dc"
              }
            ],
            "timeouts": null,
            "wait_for_default_service_account": false
          },
          "sensitive_attributes": [],
          "private": "eyJlMmJmYjczMC1lY2FhLTExZTYtOGY4OC0zNDM2M2JjN2M0YzAiOnsiZGVsZXRlIjozMDAwMDAwMDAwMDB9fQ=="
        },
        {
          "index_key": "meta",
          "schema_version": 0,
          "attributes": {
            "id": "meta",
            "metadata": [
              {
                "annotations": {},
                "generate_name": "",
                "generation": 0,
                "labels": {},
                "name": "meta",
                "resource_version": "2668",
                "uid": "7d26db9a-23f7-4a83-8c64-2bbefbb92cfe"
              }
            ],
            "timeouts": null,
            "wait_for_default_service_account": false
          },
          "sensitive_attributes": [],
          "private": "eyJlMmJmYjczMC1lY2FhLTExZTYtOGY4OC0zNDM2M2JjN2M0YzAiOnsiZGVsZXRlIjozMDAwMDAwMDAwMDB9fQ=="
        },
        {
          "index_key": "netflix",
          "schema_version": 0,
          "attributes": {
            "id": "netflix",
            "metadata": [
              {
                "annotations": {},
                "generate_name": "",
                "generation": 0,
                "labels": {},
                "name": "netflix",
                "resource_version": "2665",
                "uid": "26fe089e-3391-43bb-abea-403ec7ca24f6"
              }
            ],
            "timeouts": null,
            "wait_for_default_service_account": false
          },
          "sensitive_attributes": [],
          "private": "eyJlMmJmYjczMC1lY2FhLTExZTYtOGY4OC0zNDM2M2JjN2M0YzAiOnsiZGVsZXRlIjozMDAwMDAwMDAwMDB9fQ=="
        }
      ]
    },
    {
      "mode": "managed",
      "type": "kubernetes_secret",
      "name": "tls",
      "provider": "provider[\"registry.terraform.io/hashicorp/kubernetes\"]",
      "instances": [
        {
          "index_key": "estrela-do-rock",
          "schema_version": 0,
          "attributes": {
            "binary_data": null,
            "data": {
              "tls.crt": "LS0tLS1CRUdJTiBDRVJUSUZJQ0FURS0tLS0tCk1JSURMVENDQWhXZ0F3SUJBZ0lVZFpkMUlnK2RxTS9aLzU4d2F2MXdVbno2SmlBd0RRWUpLb1pJaHZjTkFRRUwKQlFBd0pqRWtNQ0lHQTFVRUF3d2JaWE4wY21Wc1lTMWtieTF5YjJOckxtVjRZVzF3YkdVdVkyOXRNQjRYRFRJMQpNREl3TVRBd016QXdNMW9YRFRJMk1ESXdNVEF3TXpBd00xb3dKakVrTUNJR0ExVUVBd3diWlhOMGNtVnNZUzFrCmJ5MXliMk5yTG1WNFlXMXdiR1V1WTI5dE1JSUJJakFOQmdrcWhraUc5dzBCQVFFRkFBT0NBUThBTUlJQkNnS0MKQVFFQXFsVjFPNVhka2RCTjRXdTFWRWNmdmN4NnBoVFVVVnRtNENUVStRRlNNWWlvbUV1aHNuT2lnNGNBTGJEawpGVitxQ055R1F6bzhmRi9ueE9tTTFTN3Btckk3SlhxeWNidzhHMlJyVmh0dHNsbFZRQVp1ajdyK0hKczFrbkFhCmVMcldRNndSSlRxODlzSjFBQ2loYktsSFk1VFR1VEhpSXY4M3F4a3VrbUlwV2x6SWE1dlRjT1BGWW9wOHU2SmIKTWVhZkhGOEs5RVhsOGVMdjB1SFFYaGdURU90bjdERDk5V3lKNDRJMWZ1ZzlwNXJyQjdmZysybGJYdnY5QUhyVAowUU51TFlqdjJodHo0TUhSVDlWRkRLZ2x1NExQRFo5dTVURUxqeDlMd2EvNUhuRTUrSG80Rll2emF2dzlzWWxMCjh4czVWeS9iWEE2VHhjR2d2UGxDNDJnYWxRSURBUUFCbzFNd1VUQWRCZ05WSFE0RUZnUVVTMHd5UFNydWtVcmMKVUUyelJKcXR4VE5Ec2swd0h3WURWUjBqQkJnd0ZvQVVTMHd5UFNydWtVcmNVRTJ6UkpxdHhUTkRzazB3RHdZRApWUjBUQVFIL0JBVXdBd0VCL3pBTkJna3Foa2lHOXcwQkFRc0ZBQU9DQVFFQUx0SThYMGhFYXk5Mkppc1UxSVpaCkJIb1NoTnhDN3Z2K0MwdDZub0FZS0lyTDF4djNDcG1TMDcvdFkrVVViVm9iTkI3RDFGR2RvYXhrVG9lb3RaVlgKVU5RQU1nZ2hmM2V2S1c5eHR1MkZxZW1ldm5pMTA2QmQ1Q0dJY3NydXg3bk1XYkJZK3ZEcDBMVU5MczdkcU1KYQovMkF3U3VpQW4xRnR6NkM4bXRDMXBlaTVpSlNoVlY1aStSckFqVFZWN1BsbysxaGtsUFV0eFgzdVBLbjNwVEtJCkFnVXZOQUVyN3RZTEFWdG1JWXF6cFg3Vmd4M2h3eVkvYWJtSUNpQmpoRXRiank4YUR1MUhFdlNTbVlETkFBVWMKVk43N2RFTEpGL2NJYXRCSWVDakRpTllnUkh4cnJhU2tJQVlNYU9hbU5lVGxqSkNkRXF3akJaY1d6Z2Q0d0M2aQpzdz09Ci0tLS0tRU5EIENFUlRJRklDQVRFLS0tLS0K",
              "tls.key": "LS0tLS1CRUdJTiBQUklWQVRFIEtFWS0tLS0tCk1JSUV2UUlCQURBTkJna3Foa2lHOXcwQkFRRUZBQVNDQktjd2dnU2pBZ0VBQW9JQkFRQ3FWWFU3bGQyUjBFM2gKYTdWVVJ4Kzl6SHFtRk5SUlcyYmdKTlQ1QVZJeGlLaVlTNkd5YzZLRGh3QXRzT1FWWDZvSTNJWkRPang4WCtmRQo2WXpWTHVtYXNqc2xlckp4dkR3YlpHdFdHMjJ5V1ZWQUJtNlB1djRjbXpXU2NCcDR1dFpEckJFbE9yejJ3blVBCktLRnNxVWRqbE5PNU1lSWkvemVyR1M2U1lpbGFYTWhybTlOdzQ4Vmlpbnk3b2xzeDVwOGNYd3IwUmVYeDR1L1MKNGRCZUdCTVE2MmZzTVAzMWJJbmpnalYrNkQybm11c0h0K0Q3YVZ0ZSsvMEFldFBSQTI0dGlPL2FHM1Bnd2RGUAoxVVVNcUNXN2dzOE5uMjdsTVF1UEgwdkJyL2tlY1RuNGVqZ1ZpL05xL0QyeGlVdnpHemxYTDl0Y0RwUEZ3YUM4CitVTGphQnFWQWdNQkFBRUNnZ0VBV2tIVVVCR1dpZGh1SEQrOW92M1pKUEtBSHhjMGRqUFBySC8zMWtaTDduRnkKbk5pZXd2ZWhLcjdUYW1Lc1NXTWFyMzFqSzZabFBLWjVJbzk3RDgrKyt6anNQR3pxdDNlK0Jlbk5NcUJ3SFN4WApEd2taZHRIb0t2SlhqZFFYUXRnR0IyL2EyZlpwQVB5RGtPVDJ2S1JxYnFzREVjUU1CdTFqNnliNTFabHNQalBFCnRXRlhPeGprbE9iN1BqZ2l0cnZmSVlncmxxVzFBVWdEelFHUVI0dTQ4MDVIL0lsYmlnOG5sTWgxYmE3T055dkMKZEtLYmtOczdKcmYwZGc0Nkk2UDA4Y0NpYmVQU2QyZkFUeEJEc09EMHY4alZZUlRvR21TbHBQblhSc1lCWE8xQQpwbzY1VW5tdHhsemtrTGw1dXVjYmdhSlErd3pxemFGdk5qSVBVcVJqZFFLQmdRRFIzcS9vSU8wS3ZoVU16NFBHCkFvcmV5TWhxN0tFR1dxc1V5cVNETjY3M1krUzdsRVRuSzVTWW9iSjZ0aThURXRDZWs3ZUEzYkVGTUNGbFc0RVEKQ0svRzNIRVlpQnNiaXRlQUtmck5xS2p4aHQrWk1QYlBpOGF4Z2gwc3hlbUZOajIrbkFQdlNUblQ2T3ZQbk1HUwo2cUlEaGlPTnZIdEd5YTVjM1J1ZnpaSW5Ed0tCZ1FEUHhoYmlnN3dqOXZIaStPb0I5c3BXSUNjNHlDOSt1YnVVCjJHTHliTGNjMlFpdS9jTkRkVm15SStzbXJ4RlpMNUdFTzRhWGtoUHNkUTM2MFNaUmczR3dkYjNMRzlpcTREVloKWUVyc3ZiTUttQU1sUnF1VHdqVUx6VlduLzVPMFVudWoyVEtBYm5oNElhRUJpTkd6YWJzTGJHRlkwMlIySXlhKwpHQkxabzRKRUd3S0JnRGQxK05pSU12dyt4VU5RWjR0aFNwK2JRZE4zMnduWjFoSTFod29pSWZ2QWkwYkM1UDZPCk5zT3JINFpzTkw1K24yRDR1bXEwcXo0cXZQaVRHT1ZLMW1EZ0NvY29HTG5MbEMyTGFuc0Uwamlab3VkUjJEZDYKd2JSUkpUS2F6cDVrZWlhd0JoNHJKTHdLZHA2ejF6ZmpCNU9VMURwMWo4SmlNOURZb1o4MmJTUWpBb0dCQUl0YwpmTUVXUnoyQVI2Skwvdm11Uk8wYngvTUlJd05ISlJDalMwcjdySjdHM0ZJemw2Tkp0UTRObFk1dTRwNEZqLzgzCnhnRW9WQURJU3NZdlB4cHhwZklNSjI5eWtCT2RLMnQxY1F2MStYOWprc2lQN0VuQmU3OGN6UlZRRWd4alB0Y1oKdWd2M0RRclcwNTJwM2E0UGZ3d2NkL2NTWTFIeUpleGZUVlY1bk1oOUFvR0FGampSL0Z3dmpudlBqd3R6dlN4cwp1R2E3SFptU21nbFkwdEJFcUtpRW96V3JoNFZ2QUpJd1JHUTk4LzcyOWUyOGYxczBQM0tyOGZjdTlzNXYzVFpaCmdENFRWSG9BVS82dG44bzk1ZzIxdDBXWmVibURVeWpTK2dEVDk5YWZDdWJJVHEwVHI1aGpJQ2xhTGFMQkRKMDYKZW9SeVBYQlZtU2FNbGlrTzJiSWFJb3M9Ci0tLS0tRU5EIFBSSVZBVEUgS0VZLS0tLS0K"
            },
            "id": "estrela-do-rock/odoo-tls-estrela-do-rock",
            "immutable": false,
            "metadata": [
              {
                "annotations": {},
                "generate_name": "",
                "generation": 0,
                "labels": {},
                "name": "odoo-tls-estrela-do-rock",
                "namespace": "estrela-do-rock",
                "resource_version": "8013",
                "uid": "9d06e31a-c672-46ca-a2e8-6bc5f86a74b7"
              }
            ],
            "timeouts": null,
            "type": "kubernetes.io/tls",
            "wait_for_service_account_token": true
          },
          "sensitive_attributes": [
            [
              {
                "type": "get_attr",
                "value": "binary_data"
              }
            ],
            [
              {
                "type": "get_attr",
                "value": "data"
              }
            ]
          ],
          "private": "eyJlMmJmYjczMC1lY2FhLTExZTYtOGY4OC0zNDM2M2JjN2M0YzAiOnsiY3JlYXRlIjo2MDAwMDAwMDAwMH19",
          "dependencies": [
            "kubernetes_namespace.client_namespace"
          ]
        },
        {
          "index_key": "meta",
          "schema_version": 0,
          "attributes": {
            "binary_data": null,
            "data": {
              "tls.crt": "LS0tLS1CRUdJTiBDRVJUSUZJQ0FURS0tLS0tCk1JSURGekNDQWYrZ0F3SUJBZ0lVR1VzMnRMcmZZMnQ5THBFWnFyb1RNVU1UYVVvd0RRWUpLb1pJaHZjTkFRRUwKQlFBd0d6RVpNQmNHQTFVRUF3d1FiV1YwWVM1bGVHRnRjR3hsTG1OdmJUQWVGdzB5TlRBeU1ERXdNRE13TUROYQpGdzB5TmpBeU1ERXdNRE13TUROYU1Cc3hHVEFYQmdOVkJBTU1FRzFsZEdFdVpYaGhiWEJzWlM1amIyMHdnZ0VpCk1BMEdDU3FHU0liM0RRRUJBUVVBQTRJQkR3QXdnZ0VLQW9JQkFRQ2NXR05mSy9nQTFObDdHMlM4ZXJ2N3RkZkwKbE44UkxaT3BGQ2g2MzlOZVAvdXVKTzFMU2t4bFo0b3Q5eFo0ekdpemttRkdLV2RxUXlydFlQTXRZZHNsK08xNgpSMjN4SlVLRnJ3M3cvSlB3WlNDL2JJVVFMTmVwUXJ5dWN3T3g4aWJ5L0RXMlVWYUs4YkkxQzJmeTVqSTVKRC9aCjV2TW1ERnhZL2JuK29FQ0FaK2xXQjlIbVcweGkxYnZWamk3UlFoUWJjekRaaldZenBnY09kTFppODhpNkFZQ0QKUW5ITW95MmtmQ0I5ZWVYYUVGejYxcHY5eEtPREhNcDRteDVGb3phbjhPa3JQa0dBVFMwVXMvcHJMLzdUb292UAp4SEt0QmMzakpKbm1XVFB3amZlOW9IK0wyVFByejM5M0h2aU5TRDZ0SnFrazZTdWFCUjhFUW9SNDNwYjlBZ01CCkFBR2pVekJSTUIwR0ExVWREZ1FXQkJUempQUjE0ak1MT096SGhuUzEvaEVjdG0ybDZEQWZCZ05WSFNNRUdEQVcKZ0JUempQUjE0ak1MT096SGhuUzEvaEVjdG0ybDZEQVBCZ05WSFJNQkFmOEVCVEFEQVFIL01BMEdDU3FHU0liMwpEUUVCQ3dVQUE0SUJBUUJSdXNGK0orQnUvUEVmSk1rQmZRVDRCQmJ4RnJPRkVpTFBpMW5IZmt2dEVGamhBYTRFCjl4WmFEYmRMVkUrMU5NY2RLdzVXUTZVanRMVkIzc20xQmtoUEp5ZC9GN3BXUmNqeEZaMHNKSm84OHQzbEh3M0MKS2NKOVhGNGRFblRzMVYzQXhlWnEvUWZmV3l6clZRaGtXOSt6WC92Qnp1bnM5VXIveTNiYTlzc3NhdFhvOTNleQpQYUJCNFY3eW1sSGNHRWM0NmtIaXV6L1lWZlhOeDZFY0xSVUxucGp3M2Uyaklsc0VLSjE3b2xvL2hsNTF4L1hQCmN4VncwS2lLWmZpcXl5MUJuMURySmZBZGlzcDdHT002S2Q1ZU81blZiMHVONzdOR0ErVGs4UmExYTc2UnpQMW4KcGF5ZEpGeXZoRnJ2QXkzOTV0WnR5azk5MUh0U2F5clovYzBLCi0tLS0tRU5EIENFUlRJRklDQVRFLS0tLS0K",
              "tls.key": "LS0tLS1CRUdJTiBQUklWQVRFIEtFWS0tLS0tCk1JSUV2UUlCQURBTkJna3Foa2lHOXcwQkFRRUZBQVNDQktjd2dnU2pBZ0VBQW9JQkFRQ2NXR05mSy9nQTFObDcKRzJTOGVydjd0ZGZMbE44UkxaT3BGQ2g2MzlOZVAvdXVKTzFMU2t4bFo0b3Q5eFo0ekdpemttRkdLV2RxUXlydApZUE10WWRzbCtPMTZSMjN4SlVLRnJ3M3cvSlB3WlNDL2JJVVFMTmVwUXJ5dWN3T3g4aWJ5L0RXMlVWYUs4YkkxCkMyZnk1akk1SkQvWjV2TW1ERnhZL2JuK29FQ0FaK2xXQjlIbVcweGkxYnZWamk3UlFoUWJjekRaaldZenBnY08KZExaaTg4aTZBWUNEUW5ITW95MmtmQ0I5ZWVYYUVGejYxcHY5eEtPREhNcDRteDVGb3phbjhPa3JQa0dBVFMwVQpzL3ByTC83VG9vdlB4SEt0QmMzakpKbm1XVFB3amZlOW9IK0wyVFByejM5M0h2aU5TRDZ0SnFrazZTdWFCUjhFClFvUjQzcGI5QWdNQkFBRUNnZ0VBY051cy8rcHhYOGhHSllPa3VCbXcwUVoyKzlJL0k5dE9sK0toUmZHRVZxakIKT1BnWEF4NWkvMkE2Y3V2R0lQVU5MM01mSE5LT2dEcDBKbDZ4cTdUVHlSbGo4N3pVTkJxOVpscnpLVjVxUEVJRAozYXFzY3Z5cndOY1g5S1c1cVI0djEzOFFGc2VvUFN3emcrN3ozbmNsRWZLRTFQck4wazFoN0N0YnM5NWlNVTJ3ClJhV3B4Wjh0ekg2N0Nqc2tialgyTGNZWmFpWEtNQ2hoV3ZyOXlIL2FQQU1VbjZha3NQU3FqUUJvRXppN1M0eFcKc2lFRlk2NXJlMkJpeHJ5RUE4ekFDK1AwczMrWkhIVHhLY3AvYjYyeGRXRzZQV1BKU2FTTXNmSEZxZk9LM2ZVcQpWWlZuOUwvUjJUWmV3UnpGODliRmhWVjhpdEkveU1lRjhTRW4rUitnMFFLQmdRRE5qcVBWZjh1ZmRhQ2Zhc2RTCkErSHJ2anZPOG50Nm9pMGJMbDVNdy9ublNIR09xeUhNZXAzUVIxSThwS0Rlb0dOeDBsUHY3UkdBOVYxZE02M0kKVXNTbndrN0Rldk5vS0pSczg2U1NGa3ZYVURWWGpyVWx3KytnUmttdXRrL2dOWms3RllWQjFjZGduWkpUaGJzaApLWXg5SW1iT2dGNTN0OVVKOFNGUFFWQUl2d0tCZ1FEQ3RqR1R0S3llVnVDY0pDM3NacmhoMVlVWUFRRm5KeUxrCitWTCtiNUJZTm11REYzZEV6a2VmdURzK2FkTC9SNmtOdG10TU56VTZjTVBxM0V3UURkWGJpalFJcjlDSEVYaW0KVmE2VXdmL2dQWGtjY3ZFQkNTSXR3REJQMXhiSlBDZzYwQkN4QVNpZ0p1aDVNcmZsUFVRQm9pZEpoOGdZdG9obgpCVWdUdUNIelF3S0JnRVNnY3FJODRFYUVodk95T29sdk1tWDZSUTE2ZHk4aUpkMEZSZ1pyQjJ2b0M4R044T0xMCnJSUjBPMGh6emlHRmVxM3Rnb2gvcFhCZ2VxTTdOYkhEc0ZReDB3b0Fhbk5EMlFubTdmSzM3dW9icFROdU9adzYKSmk1a1NRVkRhTGQ2TFlaRVVSRUJ4bWJETks4ZDNyUGJvMFBEMEg3dzdKa2Jqc3lhN0h3QldpOFJBb0dCQUtuUwp6cHJOVW1FbjFPOWFmdE5aSkNmd1d3ejhrNFNzbGJxdjJyc2dBdjF0T1lnMHgwbXp3TFNGc3VaVTFqcmcvWW1BCk9VVllRWXlmSGNHU01xVXQ3QUIzSWJzUjNRWnhMcEdrMllmVlRKNy8vc25aVm1wWTFQNmlTWURaVUg1amdaTUsKTmdTcnhnc281RW9RK21OdWRBb1lxN3R1T2crVDVKUTEvdzl6NGVpUkFvR0FlSnA0TldPRHFjaXFGa21CMkFyMwpBYWtNbnRNNlZ4b2dQeUhjV1pVeHl6Q1RPeHZEUTlRT3RULzhhWktheko1TytDaVkzR2c1ZXBKRjErSHdOdHVMCk1XMUtkbkh2Snl5bUs5RnplaExGb0U5Y3M4TmN0Mmc2c3EwVC9HT0Fzd1VyRTJDMEgrYk8yZVRWbXM4TllOdjQKRlIrS3MrWmI4cVlzYVRRcnJkSjlIV2s9Ci0tLS0tRU5EIFBSSVZBVEUgS0VZLS0tLS0K"
            },
            "id": "meta/odoo-tls-meta",
            "immutable": false,
            "metadata": [
              {
                "annotations": {},
                "generate_name": "",
                "generation": 0,
                "labels": {},
                "name": "odoo-tls-meta",
                "namespace": "meta",
                "resource_version": "7965",
                "uid": "f13cc805-a2be-4d31-9ffd-a8c5c12e1d2c"
              }
            ],
            "timeouts": null,
            "type": "kubernetes.io/tls",
            "wait_for_service_account_token": true
          },
          "sensitive_attributes": [
            [
              {
                "type": "get_attr",
                "value": "binary_data"
              }
            ],
            [
              {
                "type": "get_attr",
                "value": "data"
              }
            ]
          ],
          "private": "eyJlMmJmYjczMC1lY2FhLTExZTYtOGY4OC0zNDM2M2JjN2M0YzAiOnsiY3JlYXRlIjo2MDAwMDAwMDAwMH19",
          "dependencies": [
            "kubernetes_namespace.client_namespace"
          ]
        },
        {
          "index_key": "netflix",
          "schema_version": 0,
          "attributes": {
            "binary_data": null,
            "data": {
              "tls.crt": "LS0tLS1CRUdJTiBDRVJUSUZJQ0FURS0tLS0tCk1JSURIVENDQWdXZ0F3SUJBZ0lVV25wQVVEblRZeS9wbjhjQU9haU9WT3dOL0VZd0RRWUpLb1pJaHZjTkFRRUwKQlFBd0hqRWNNQm9HQTFVRUF3d1RibVYwWm14cGVDNWxlR0Z0Y0d4bExtTnZiVEFlRncweU5UQXlNREV3TURNdwpNRE5hRncweU5qQXlNREV3TURNd01ETmFNQjR4SERBYUJnTlZCQU1NRTI1bGRHWnNhWGd1WlhoaGJYQnNaUzVqCmIyMHdnZ0VpTUEwR0NTcUdTSWIzRFFFQkFRVUFBNElCRHdBd2dnRUtBb0lCQVFDb1NqYmlGVkwvVEV4Qk1HdEwKZ0N6VzFZdzduRzRSN0FBc2Y2bU9RK3orc2h2MHd0STdQdTdwZjhONW8vMmxqRzZYQUJ5clg0TlJwMGFaS1hBNgpqaUxIbzQ1bkdmMFZ4NkpwRmxhcE13dXA0MlZSNllrYXgvUVlVTzBqVVNnNUpNUGRHc200ZndXejEzWVRtb0l6Ck9CVVBjaXhRME5Oam9nanBCSDllVDFUUUJqNi9OcDFqNGVhcTFzWXNpTXFhT2ZEa3ViRllZOXV4SDExa3k5YmMKa0RqcVZoNFlEbUYrQlQ2S0p6d0lKdGRValRLZmRBbnc3R0xDMmJhcGlSaVNjcDdpb291a1RnK3JSVDJ1ZG9PRAoxMWVQa09XOXVHSVEzcXVENi9YUjhkaFkxQ2IyamdXR1lhZ3plN2VkUUNadGpSM1RlMW5WUnZvWUNUazByRGRQCmlNREhBZ01CQUFHalV6QlJNQjBHQTFVZERnUVdCQlMrS1JVRlcvRFNPSVJMbjM4Lzd0SEZHSXVrZ3pBZkJnTlYKSFNNRUdEQVdnQlMrS1JVRlcvRFNPSVJMbjM4Lzd0SEZHSXVrZ3pBUEJnTlZIUk1CQWY4RUJUQURBUUgvTUEwRwpDU3FHU0liM0RRRUJDd1VBQTRJQkFRQVkrTWsrUjlGNXRidUtGQytHL2YrZk15UFNTemkyUGJ6MFQ5UHN5NXlWCmo3UlJONWk1enZGdjJVWmJRSVU2c09WZU9HSndpMHJuYXIxaEN1emczK3VxcWFwYVFKeFoycG1uSnRDL002Sm0KZjNFbmh3WkJDTk53NkIxZjdwNDA5MlRDV0JHajUybXljaHZ0R2NHTVRJdFZRdzFEcVlRMnBkOWtjZ0dHbUdWYgpOcTJVSFkzNUN0SlJ4bWpZR2JXaWh4MitoOU05MzBSVDdyK0lnalo0SXhEQzF3WHdmRXY3c3VFdTQvakVzUlZZCmVsb1Q4TUVUbGNsdVBPR2xYQzBadUp5TnlzRDBLSy84eERjSTJrRm1PMEVTNTNkeXdsVlU4bis1eFRPaFcxdEYKZ1lWZFlodGJOZDc3b3dNZVVwM1o5VVQrcm1rOEhRcTV0OUFYcTg4Sk1aQmcKLS0tLS1FTkQgQ0VSVElGSUNBVEUtLS0tLQo=",
              "tls.key": "LS0tLS1CRUdJTiBQUklWQVRFIEtFWS0tLS0tCk1JSUV2UUlCQURBTkJna3Foa2lHOXcwQkFRRUZBQVNDQktjd2dnU2pBZ0VBQW9JQkFRQ29TamJpRlZML1RFeEIKTUd0TGdDelcxWXc3bkc0UjdBQXNmNm1PUSt6K3NodjB3dEk3UHU3cGY4TjVvLzJsakc2WEFCeXJYNE5ScDBhWgpLWEE2amlMSG80NW5HZjBWeDZKcEZsYXBNd3VwNDJWUjZZa2F4L1FZVU8walVTZzVKTVBkR3NtNGZ3V3oxM1lUCm1vSXpPQlVQY2l4UTBOTmpvZ2pwQkg5ZVQxVFFCajYvTnAxajRlYXExc1lzaU1xYU9mRGt1YkZZWTl1eEgxMWsKeTliY2tEanFWaDRZRG1GK0JUNktKendJSnRkVWpUS2ZkQW53N0dMQzJiYXBpUmlTY3A3aW9vdWtUZytyUlQydQpkb09EMTFlUGtPVzl1R0lRM3F1RDYvWFI4ZGhZMUNiMmpnV0dZYWd6ZTdlZFFDWnRqUjNUZTFuVlJ2b1lDVGswCnJEZFBpTURIQWdNQkFBRUNnZ0VBTWJBbjREelhrcFZlZG1qclpSRmxLOUZGWkZ4ZGkyRVk5QXFGYjRIU3VhaXcKNUdXWldQRE43WmRSaWRySGkxZVpWM0FyQnRaZW1YOUFNdnl2TERySFBoYW1kdjZQWVJ6ZWNSU3RaYXV5cCtpQwpBOXRtSmNnZjVBWVEzanFhRzdVbE4yVXZaZy9yQ1J4MnVuY0dOa1U2d3FLOVB1ZEpZc04yeWdZUDdUS1RJaEFiCldqeU11LzNmU1crRVp1Lzd4aXFNeURYOVVUdnJrV3IxeE1NT1U2T0pYU1d5NlB4cFM3K2VOTWpCUjdtK09rc0oKdzZJekhHR2NxUHV3aFFzTE5KazU5YjE5dHdlVHR5SkluUlc3c0tXenhWL1hZeUlIbUpqcWE1NkpreFBHNDB4eQo2bDJFaHNaQkdaSlMrc0N0Rk81eUJib3l1UXpQZUE0Z2d1RnNORm8vSVFLQmdRRFdDbjduTERIVkxCejJkZUlWCklrRWcvdUQ3elM3QWxNelJYTHVzcDkxTTBqSzB5bWtVOWpoSXZtbnhWSzZHSm5vdWpSWEFtbUh4ZDhJMXpRNCsKclBraU53S1IrZjNkOW9LNG5kWnlicWdRdkx5cVZHR0tPZzQvVUY4VWJzamlHR2Q0YnROZTNPaGswcE9QMDAxaQpSa0swbm4reUNRbWxVNmlyOVU4YWlSZmRhUUtCZ1FESlI3cjYzN29VYWk2cElQMFhWNDNmK2JVdC8rNnZkREJmCkd5N0toSG83VlRHZW5HMEtseFVYTHRoOTVRcmFXUTRSTDk4aTlxUHZxSDJsTlNCaG5UdXlGSXU5bUNVSE03YjEKeXV6WDN3NC94VjIxT0Y2YzJnSlFDbmpJRWYxTnNBUFJjbEU1Q05uNTJVRWJRbEcwNnZFWWxNcWxTMGVyaTFXNAozZHdVVDVwMnJ3S0JnUURKSFVXT1cyVmJncjZZQ2IzcjA2clVvUWl2TUdVTWlRUkdlRmJUYlVzdjRwWEljQ1A2CmtUdmpoaDh2cGp6eVNmY21CR1Q2KzFTcU9iZmZLNVNGNmF1UnJaU1pxd2NSNTQxK2dMZzkvNkdsVUdJSnZZMkUKL3ZYaUlkZWs4RStLdWhtRy9NTlk4RUxnY1VnN3JQU2FNYUI5N0N2YUVrbmc4VkdjZWJ2aEdBMjNlUUtCZ0FqZApGY2pTYlZsVXk3VTY5S3BBZXNqd01DQlVjdWhiRDM1QXJqRFE0S2tZT1ZVb3dreURGclNzcFcvMTFDS0ZaVzh3ClVuMHhxMHAwZXdQNWNQR2JnUE40b0NhN09uWTB1c3ZjSWMzbnpyTFVPQ293ejBuTTkra2FiUE15aDVzU016algKOWVlekVoWkVrTzlvWGp5L1U5cW5RcjFBc1dsR2U0SG1remg1d08yVkFvR0FZcklTaXo0RXRvWkx2dmt5K1pHNgpWV3pnV3Z1MzZ2djdQSVlHNjhkZ1hpVVBwUHR1ZmV6RlU0WHJNN2QzMHNzd3pKQ1YvNnl6L2lwbHhMYWZqZ0VVCmYweEVUU2RWMC9kUjlrakV1RDBXNE5JZE9CWTFWc2FXZUxGdU0yc1l3YTZycm8vTTYxd250bjM3MittcUI3Y3QKV25mRWNRNEtYL0VRSjBZTWhURjNjVE09Ci0tLS0tRU5EIFBSSVZBVEUgS0VZLS0tLS0K"
            },
            "id": "netflix/odoo-tls-netflix",
            "immutable": false,
            "metadata": [
              {
                "annotations": {},
                "generate_name": "",
                "generation": 0,
                "labels": {},
                "name": "odoo-tls-netflix",
                "namespace": "netflix",
                "resource_version": "7966",
                "uid": "58769d0b-191a-46b9-9165-c071a09765ac"
              }
            ],
            "timeouts": null,
            "type": "kubernetes.io/tls",
            "wait_for_service_account_token": true
          },
          "sensitive_attributes": [
            [
              {
                "type": "get_attr",
                "value": "binary_data"
              }
            ],
            [
              {
                "type": "get_attr",
                "value": "data"
              }
            ]
          ],
          "private": "eyJlMmJmYjczMC1lY2FhLTExZTYtOGY4OC0zNDM2M2JjN2M0YzAiOnsiY3JlYXRlIjo2MDAwMDAwMDAwMH19",
          "dependencies": [
            "kubernetes_namespace.client_namespace"
          ]
        }
      ]
    },
    {
      "mode": "managed",
      "type": "kubernetes_service",
      "name": "odoo",
      "provider": "provider[\"registry.terraform.io/hashicorp/kubernetes\"]",
      "instances": [
        {
          "index_key": "estrela-do-rock",
          "schema_version": 1,
          "attributes": {
            "id": "estrela-do-rock/odoo-estrela-do-rock",
            "metadata": [
              {
                "annotations": {},
                "generate_name": "",
                "generation": 0,
                "labels": {},
                "name": "odoo-estrela-do-rock",
                "namespace": "estrela-do-rock",
                "resource_version": "7983",
                "uid": "8e421cfa-ae1f-4678-b868-cf18bf315a54"
              }
            ],
            "spec": [
              {
                "allocate_load_balancer_node_ports": true,
                "cluster_ip": "10.107.161.227",
                "cluster_ips": [
                  "10.107.161.227"
                ],
                "external_ips": [],
                "external_name": "",
                "external_traffic_policy": "",
                "health_check_node_port": 0,
                "internal_traffic_policy": "Cluster",
                "ip_families": [
                  "IPv4"
                ],
                "ip_family_policy": "SingleStack",
                "load_balancer_class": "",
                "load_balancer_ip": "",
                "load_balancer_source_ranges": [],
                "port": [
                  {
                    "app_protocol": "",
                    "name": "",
                    "node_port": 0,
                    "port": 8069,
                    "protocol": "TCP",
                    "target_port": "8069"
                  }
                ],
                "publish_not_ready_addresses": false,
                "selector": {
                  "app": "odoo-estrela-do-rock"
                },
                "session_affinity": "None",
                "session_affinity_config": [],
                "type": "ClusterIP"
              }
            ],
            "status": [
              {
                "load_balancer": [
                  {
                    "ingress": []
                  }
                ]
              }
            ],
            "timeouts": null,
            "wait_for_load_balancer": true
          },
          "sensitive_attributes": [],
          "private": "eyJlMmJmYjczMC1lY2FhLTExZTYtOGY4OC0zNDM2M2JjN2M0YzAiOnsiY3JlYXRlIjo2MDAwMDAwMDAwMDB9LCJzY2hlbWFfdmVyc2lvbiI6IjEifQ==",
          "dependencies": [
            "kubernetes_namespace.client_namespace"
          ]
        },
        {
          "index_key": "meta",
          "schema_version": 1,
          "attributes": {
            "id": "meta/odoo-meta",
            "metadata": [
              {
                "annotations": {},
                "generate_name": "",
                "generation": 0,
                "labels": {},
                "name": "odoo-meta",
                "namespace": "meta",
                "resource_version": "7977",
                "uid": "74333b30-411d-4467-9883-7634d453ef5c"
              }
            ],
            "spec": [
              {
                "allocate_load_balancer_node_ports": true,
                "cluster_ip": "10.99.1.198",
                "cluster_ips": [
                  "10.99.1.198"
                ],
                "external_ips": [],
                "external_name": "",
                "external_traffic_policy": "",
                "health_check_node_port": 0,
                "internal_traffic_policy": "Cluster",
                "ip_families": [
                  "IPv4"
                ],
                "ip_family_policy": "SingleStack",
                "load_balancer_class": "",
                "load_balancer_ip": "",
                "load_balancer_source_ranges": [],
                "port": [
                  {
                    "app_protocol": "",
                    "name": "",
                    "node_port": 0,
                    "port": 8069,
                    "protocol": "TCP",
                    "target_port": "8069"
                  }
                ],
                "publish_not_ready_addresses": false,
                "selector": {
                  "app": "odoo-meta"
                },
                "session_affinity": "None",
                "session_affinity_config": [],
                "type": "ClusterIP"
              }
            ],
            "status": [
              {
                "load_balancer": [
                  {
                    "ingress": []
                  }
                ]
              }
            ],
            "timeouts": null,
            "wait_for_load_balancer": true
          },
          "sensitive_attributes": [],
          "private": "eyJlMmJmYjczMC1lY2FhLTExZTYtOGY4OC0zNDM2M2JjN2M0YzAiOnsiY3JlYXRlIjo2MDAwMDAwMDAwMDB9LCJzY2hlbWFfdmVyc2lvbiI6IjEifQ==",
          "dependencies": [
            "kubernetes_namespace.client_namespace"
          ]
        },
        {
          "index_key": "netflix",
          "schema_version": 1,
          "attributes": {
            "id": "netflix/odoo-netflix",
            "metadata": [
              {
                "annotations": {},
                "generate_name": "",
                "generation": 0,
                "labels": {},
                "name": "odoo-netflix",
                "namespace": "netflix",
                "resource_version": "7964",
                "uid": "202f0e89-356a-4aeb-ba4e-6c9132d82a8c"
              }
            ],
            "spec": [
              {
                "allocate_load_balancer_node_ports": true,
                "cluster_ip": "10.96.1.131",
                "cluster_ips": [
                  "10.96.1.131"
                ],
                "external_ips": [],
                "external_name": "",
                "external_traffic_policy": "",
                "health_check_node_port": 0,
                "internal_traffic_policy": "Cluster",
                "ip_families": [
                  "IPv4"
                ],
                "ip_family_policy": "SingleStack",
                "load_balancer_class": "",
                "load_balancer_ip": "",
                "load_balancer_source_ranges": [],
                "port": [
                  {
                    "app_protocol": "",
                    "name": "",
                    "node_port": 0,
                    "port": 8069,
                    "protocol": "TCP",
                    "target_port": "8069"
                  }
                ],
                "publish_not_ready_addresses": false,
                "selector": {
                  "app": "odoo-netflix"
                },
                "session_affinity": "None",
                "session_affinity_config": [],
                "type": "ClusterIP"
              }
            ],
            "status": [
              {
                "load_balancer": [
                  {
                    "ingress": []
                  }
                ]
              }
            ],
            "timeouts": null,
            "wait_for_load_balancer": true
          },
          "sensitive_attributes": [],
          "private": "eyJlMmJmYjczMC1lY2FhLTExZTYtOGY4OC0zNDM2M2JjN2M0YzAiOnsiY3JlYXRlIjo2MDAwMDAwMDAwMDB9LCJzY2hlbWFfdmVyc2lvbiI6IjEifQ==",
          "dependencies": [
            "kubernetes_namespace.client_namespace"
          ]
        }
      ]
    },
    {
      "mode": "managed",
      "type": "kubernetes_service",
      "name": "postgres",
      "provider": "provider[\"registry.terraform.io/hashicorp/kubernetes\"]",
      "instances": [
        {
          "index_key": "estrela-do-rock",
          "schema_version": 1,
          "attributes": {
            "id": "estrela-do-rock/postgres-estrela-do-rock",
            "metadata": [
              {
                "annotations": {},
                "generate_name": "",
                "generation": 0,
                "labels": {},
                "name": "postgres-estrela-do-rock",
                "namespace": "estrela-do-rock",
                "resource_version": "8904",
                "uid": "b1a424b6-1d77-4277-b91a-9de53254d6fd"
              }
            ],
            "spec": [
              {
                "allocate_load_balancer_node_ports": true,
                "cluster_ip": "10.110.60.84",
                "cluster_ips": [
                  "10.110.60.84"
                ],
                "external_ips": [],
                "external_name": "",
                "external_traffic_policy": "",
                "health_check_node_port": 0,
                "internal_traffic_policy": "Cluster",
                "ip_families": [
                  "IPv4"
                ],
                "ip_family_policy": "SingleStack",
                "load_balancer_class": "",
                "load_balancer_ip": "",
                "load_balancer_source_ranges": [],
                "port": [
                  {
                    "app_protocol": "",
                    "name": "",
                    "node_port": 0,
                    "port": 5432,
                    "protocol": "TCP",
                    "target_port": "5432"
                  }
                ],
                "publish_not_ready_addresses": false,
                "selector": {
                  "app": "postgres-estrela-do-rock"
                },
                "session_affinity": "None",
                "session_affinity_config": [],
                "type": "ClusterIP"
              }
            ],
            "status": [
              {
                "load_balancer": [
                  {
                    "ingress": []
                  }
                ]
              }
            ],
            "timeouts": null,
            "wait_for_load_balancer": true
          },
          "sensitive_attributes": [],
          "private": "eyJlMmJmYjczMC1lY2FhLTExZTYtOGY4OC0zNDM2M2JjN2M0YzAiOnsiY3JlYXRlIjo2MDAwMDAwMDAwMDB9LCJzY2hlbWFfdmVyc2lvbiI6IjEifQ==",
          "dependencies": [
            "kubernetes_namespace.client_namespace"
          ]
        },
        {
          "index_key": "meta",
          "schema_version": 1,
          "attributes": {
            "id": "meta/postgres-meta",
            "metadata": [
              {
                "annotations": {},
                "generate_name": "",
                "generation": 0,
                "labels": {},
                "name": "postgres-meta",
                "namespace": "meta",
                "resource_version": "8900",
                "uid": "4b1157f2-926b-4caa-9298-dc17c361009f"
              }
            ],
            "spec": [
              {
                "allocate_load_balancer_node_ports": true,
                "cluster_ip": "10.100.135.140",
                "cluster_ips": [
                  "10.100.135.140"
                ],
                "external_ips": [],
                "external_name": "",
                "external_traffic_policy": "",
                "health_check_node_port": 0,
                "internal_traffic_policy": "Cluster",
                "ip_families": [
                  "IPv4"
                ],
                "ip_family_policy": "SingleStack",
                "load_balancer_class": "",
                "load_balancer_ip": "",
                "load_balancer_source_ranges": [],
                "port": [
                  {
                    "app_protocol": "",
                    "name": "",
                    "node_port": 0,
                    "port": 5432,
                    "protocol": "TCP",
                    "target_port": "5432"
                  }
                ],
                "publish_not_ready_addresses": false,
                "selector": {
                  "app": "postgres-meta"
                },
                "session_affinity": "None",
                "session_affinity_config": [],
                "type": "ClusterIP"
              }
            ],
            "status": [
              {
                "load_balancer": [
                  {
                    "ingress": []
                  }
                ]
              }
            ],
            "timeouts": null,
            "wait_for_load_balancer": true
          },
          "sensitive_attributes": [],
          "private": "eyJlMmJmYjczMC1lY2FhLTExZTYtOGY4OC0zNDM2M2JjN2M0YzAiOnsiY3JlYXRlIjo2MDAwMDAwMDAwMDB9LCJzY2hlbWFfdmVyc2lvbiI6IjEifQ==",
          "dependencies": [
            "kubernetes_namespace.client_namespace"
          ]
        },
        {
          "index_key": "netflix",
          "schema_version": 1,
          "attributes": {
            "id": "netflix/postgres-netflix",
            "metadata": [
              {
                "annotations": {},
                "generate_name": "",
                "generation": 0,
                "labels": {},
                "name": "postgres-netflix",
                "namespace": "netflix",
                "resource_version": "8905",
                "uid": "ef13d93f-b847-406f-9126-9bec07c912b2"
              }
            ],
            "spec": [
              {
                "allocate_load_balancer_node_ports": true,
                "cluster_ip": "10.103.150.145",
                "cluster_ips": [
                  "10.103.150.145"
                ],
                "external_ips": [],
                "external_name": "",
                "external_traffic_policy": "",
                "health_check_node_port": 0,
                "internal_traffic_policy": "Cluster",
                "ip_families": [
                  "IPv4"
                ],
                "ip_family_policy": "SingleStack",
                "load_balancer_class": "",
                "load_balancer_ip": "",
                "load_balancer_source_ranges": [],
                "port": [
                  {
                    "app_protocol": "",
                    "name": "",
                    "node_port": 0,
                    "port": 5432,
                    "protocol": "TCP",
                    "target_port": "5432"
                  }
                ],
                "publish_not_ready_addresses": false,
                "selector": {
                  "app": "postgres-netflix"
                },
                "session_affinity": "None",
                "session_affinity_config": [],
                "type": "ClusterIP"
              }
            ],
            "status": [
              {
                "load_balancer": [
                  {
                    "ingress": []
                  }
                ]
              }
            ],
            "timeouts": null,
            "wait_for_load_balancer": true
          },
          "sensitive_attributes": [],
          "private": "eyJlMmJmYjczMC1lY2FhLTExZTYtOGY4OC0zNDM2M2JjN2M0YzAiOnsiY3JlYXRlIjo2MDAwMDAwMDAwMDB9LCJzY2hlbWFfdmVyc2lvbiI6IjEifQ==",
          "dependencies": [
            "kubernetes_namespace.client_namespace"
          ]
        }
      ]
    }
  ],
  "check_results": null
}
